
Microsoft Visual Studio Solution File, Format Version 12.00
# Visual Studio Version 17
VisualStudioVersion = 17.13.35919.96 d17.13
MinimumVisualStudioVersion = 10.0.40219.1
Project("{FAE04EC0-301F-11D3-BF4B-00C04F79EFBC}") = "RavenDbAccessLayer", "RavenDbAccessLayer.csproj", "{93DE7D8D-C98A-440A-91A6-5FE5616BF0AF}"
EndProject
Project("{FAE04EC0-301F-11D3-BF4B-00C04F79EFBC}") = "RavenWebApp", "..\RavenWebApp\RavenWebApp.csproj", "{D2AB5E5E-4316-43D1-A5D1-D4D7D12410E0}"
EndProject
Global
	GlobalSection(SolutionConfigurationPlatforms) = preSolution
		Debug|Any CPU = Debug|Any CPU
		Release|Any CPU = Release|Any CPU
	EndGlobalSection
	GlobalSection(ProjectConfigurationPlatforms) = postSolution
		{93DE7D8D-C98A-440A-91A6-5FE5616BF0AF}.Debug|Any CPU.ActiveCfg = Debug|Any CPU
		{93DE7D8D-C98A-440A-91A6-5FE5616BF0AF}.Debug|Any CPU.Build.0 = Debug|Any CPU
		{93DE7D8D-C98A-440A-91A6-5FE5616BF0AF}.Release|Any CPU.ActiveCfg = Release|Any CPU
		{93DE7D8D-C98A-440A-91A6-5FE5616BF0AF}.Release|Any CPU.Build.0 = Release|Any CPU
		{D2AB5E5E-4316-43D1-A5D1-D4D7D12410E0}.Debug|Any CPU.ActiveCfg = Debug|Any CPU
		{D2AB5E5E-4316-43D1-A5D1-D4D7D12410E0}.Debug|Any CPU.Build.0 = Debug|Any CPU
		{D2AB5E5E-4316-43D1-A5D1-D4D7D12410E0}.Release|Any CPU.ActiveCfg = Release|Any CPU
		{D2AB5E5E-4316-43D1-A5D1-D4D7D12410E0}.Release|Any CPU.Build.0 = Release|Any CPU
	EndGlobalSection
	GlobalSection(SolutionProperties) = preSolution
		HideSolutionNode = FALSE
	EndGlobalSection
	GlobalSection(ExtensibilityGlobals) = postSolution
		SolutionGuid = {8A4FEA10-D927-4379-9D5C-BB97ACCBB59F}
	EndGlobalSection
EndGlobal
